{
  "requires": true,
  "lockfileVersion": 1,
  "dependencies": {
    "abbrev": {
      "version": "1.1.1",
      "resolved": "https://registry.npm.taobao.org/abbrev/download/abbrev-1.1.1.tgz",
      "integrity": "sha1-+PLIh60Qv2f2NPAFtph/7TF5qsg="
    },
    "connect": {
      "version": "1.9.2",
      "resolved": "https://registry.npm.taobao.org/connect/download/connect-1.9.2.tgz",
      "integrity": "sha1-QogKIulDiuWait105Df1iujlKAc=",
      "requires": {
        "formidable": "1.0.x",
        "mime": ">= 0.0.1",
        "qs": ">= 0.4.0"
      }
    },
    "express": {
      "version": "2.5.11",
      "resolved": "https://registry.npm.taobao.org/express/download/express-2.5.11.tgz",
      "integrity": "sha1-TOjqHzY15p5J8Ou0l7aksKUc5vA=",
      "requires": {
        "connect": "1.x",
        "mime": "1.2.4",
        "mkdirp": "0.3.0",
        "qs": "0.4.x"
      }
    },
    "formidable": {
      "version": "1.0.16",
      "resolved": "https://registry.npm.taobao.org/formidable/download/formidable-1.0.16.tgz",
      "integrity": "sha1-SRbP38TL7QILJXpqlQWpqzjCzQ4="
    },
    "mime": {
      "version": "1.2.4",
      "resolved": "https://registry.npm.taobao.org/mime/download/mime-1.2.4.tgz",
      "integrity": "sha1-EbX9rynCUJJVF2uArVIClPXekrc="
    },
    "mkdirp": {
      "version": "0.3.0",
      "resolved": "https://registry.npm.taobao.org/mkdirp/download/mkdirp-0.3.0.tgz?cache=0&other_urls=https%3A%2F%2Fregistry.npm.taobao.org%2Fmkdirp%2Fdownload%2Fmkdirp-0.3.0.tgz",
      "integrity": "sha1-G79asbqCevI1dRQ0kEJkVfSB/h4="
    },
    "nopt": {
      "version": "3.0.6",
      "resolved": "https://registry.npm.taobao.org/nopt/download/nopt-3.0.6.tgz?cache=0&other_urls=https%3A%2F%2Fregistry.npm.taobao.org%2Fnopt%2Fdownload%2Fnopt-3.0.6.tgz",
      "integrity": "sha1-xkZdvwirzU2zWTF/eaxopkayj/k=",
      "requires": {
        "abbrev": "1"
      }
    },
    "qs": {
      "version": "0.4.2",
      "resolved": "https://registry.npm.taobao.org/qs/download/qs-0.4.2.tgz",
      "integrity": "sha1-PKxMhh43GoycR3CsI82o3mObjl8="
    },
    "underscore": {
      "version": "1.7.0",
      "resolved": "https://registry.npm.taobao.org/underscore/download/underscore-1.7.0.tgz",
      "integrity": "sha1-a7rwh3UA02vjTsqlhODbn+8DUgk="
    },
    "weinre": {
      "version": "2.0.0-pre-I0Z7U9OV",
      "resolved": "https://registry.npm.taobao.org/weinre/download/weinre-2.0.0-pre-I0Z7U9OV.tgz",
      "integrity": "sha1-/viqIjkh97QLu71MPtQwL2/QqBM=",
      "requires": {
        "express": "2.5.x",
        "nopt": "3.0.x",
        "underscore": "1.7.x"
      }
    }
  }
}
